
Microsoft Visual Studio Solution File, Format Version 12.00
# Visual Studio Version 16
VisualStudioVersion = 16.0.30717.126
MinimumVisualStudioVersion = 10.0.40219.1
Project("{FAE04EC0-301F-11D3-BF4B-00C04F79EFBC}") = "Deleagtes", "Deleagtes.csproj", "{2EB88DD6-F2BC-40A8-A8C4-EB29AD682500}"
EndProject
Global
	GlobalSection(SolutionConfigurationPlatforms) = preSolution
		Debug|Any CPU = Debug|Any CPU
		Release|Any CPU = Release|Any CPU
	EndGlobalSection
	GlobalSection(ProjectConfigurationPlatforms) = postSolution
		{2EB88DD6-F2BC-40A8-A8C4-EB29AD682500}.Debug|Any CPU.ActiveCfg = Debug|Any CPU
		{2EB88DD6-F2BC-40A8-A8C4-EB29AD682500}.Debug|Any CPU.Build.0 = Debug|Any CPU
		{2EB88DD6-F2BC-40A8-A8C4-EB29AD682500}.Release|Any CPU.ActiveCfg = Release|Any CPU
		{2EB88DD6-F2BC-40A8-A8C4-EB29AD682500}.Release|Any CPU.Build.0 = Release|Any CPU
	EndGlobalSection
	GlobalSection(SolutionProperties) = preSolution
		HideSolutionNode = FALSE
	EndGlobalSection
	GlobalSection(ExtensibilityGlobals) = postSolution
		SolutionGuid = {61843111-F456-46E8-A26D-F729BA0947A8}
	EndGlobalSection
EndGlobal
