
Microsoft Visual Studio Solution File, Format Version 12.00
# Visual Studio Version 16
VisualStudioVersion = 16.0.30711.63
MinimumVisualStudioVersion = 10.0.40219.1
Project("{FAE04EC0-301F-11D3-BF4B-00C04F79EFBC}") = "Interfaces and Polymorphism", "Interfaces and Polymorphism\Interfaces and Polymorphism.csproj", "{2F27818E-ACFB-48F8-A704-9B9A0DFC30BA}"
EndProject
Global
	GlobalSection(SolutionConfigurationPlatforms) = preSolution
		Debug|Any CPU = Debug|Any CPU
		Release|Any CPU = Release|Any CPU
	EndGlobalSection
	GlobalSection(ProjectConfigurationPlatforms) = postSolution
		{2F27818E-ACFB-48F8-A704-9B9A0DFC30BA}.Debug|Any CPU.ActiveCfg = Debug|Any CPU
		{2F27818E-ACFB-48F8-A704-9B9A0DFC30BA}.Debug|Any CPU.Build.0 = Debug|Any CPU
		{2F27818E-ACFB-48F8-A704-9B9A0DFC30BA}.Release|Any CPU.ActiveCfg = Release|Any CPU
		{2F27818E-ACFB-48F8-A704-9B9A0DFC30BA}.Release|Any CPU.Build.0 = Release|Any CPU
	EndGlobalSection
	GlobalSection(SolutionProperties) = preSolution
		HideSolutionNode = FALSE
	EndGlobalSection
	GlobalSection(ExtensibilityGlobals) = postSolution
		SolutionGuid = {B38629D4-5F0F-4C82-AB47-9DB6662B3807}
	EndGlobalSection
EndGlobal
