
Microsoft Visual Studio Solution File, Format Version 12.00
# Visual Studio Version 16
VisualStudioVersion = 16.0.30621.155
MinimumVisualStudioVersion = 10.0.40219.1
Project("{FAE04EC0-301F-11D3-BF4B-00C04F79EFBC}") = "StringLearning", "StringLearning\StringLearning.csproj", "{D0D56540-4607-4BC4-9B78-49CC539D58F6}"
EndProject
Global
	GlobalSection(SolutionConfigurationPlatforms) = preSolution
		Debug|Any CPU = Debug|Any CPU
		Release|Any CPU = Release|Any CPU
	EndGlobalSection
	GlobalSection(ProjectConfigurationPlatforms) = postSolution
		{D0D56540-4607-4BC4-9B78-49CC539D58F6}.Debug|Any CPU.ActiveCfg = Debug|Any CPU
		{D0D56540-4607-4BC4-9B78-49CC539D58F6}.Debug|Any CPU.Build.0 = Debug|Any CPU
		{D0D56540-4607-4BC4-9B78-49CC539D58F6}.Release|Any CPU.ActiveCfg = Release|Any CPU
		{D0D56540-4607-4BC4-9B78-49CC539D58F6}.Release|Any CPU.Build.0 = Release|Any CPU
	EndGlobalSection
	GlobalSection(SolutionProperties) = preSolution
		HideSolutionNode = FALSE
	EndGlobalSection
	GlobalSection(ExtensibilityGlobals) = postSolution
		SolutionGuid = {1A51628C-ADB6-4263-BC04-F52560E80E3B}
	EndGlobalSection
EndGlobal
