
Microsoft Visual Studio Solution File, Format Version 12.00
# Visual Studio Version 16
VisualStudioVersion = 16.0.30717.126
MinimumVisualStudioVersion = 10.0.40219.1
Project("{FAE04EC0-301F-11D3-BF4B-00C04F79EFBC}") = "Events", "Events\Events.csproj", "{361DA1C4-832B-4D74-A44A-38ADEFE0520F}"
EndProject
Global
	GlobalSection(SolutionConfigurationPlatforms) = preSolution
		Debug|Any CPU = Debug|Any CPU
		Release|Any CPU = Release|Any CPU
	EndGlobalSection
	GlobalSection(ProjectConfigurationPlatforms) = postSolution
		{361DA1C4-832B-4D74-A44A-38ADEFE0520F}.Debug|Any CPU.ActiveCfg = Debug|Any CPU
		{361DA1C4-832B-4D74-A44A-38ADEFE0520F}.Debug|Any CPU.Build.0 = Debug|Any CPU
		{361DA1C4-832B-4D74-A44A-38ADEFE0520F}.Release|Any CPU.ActiveCfg = Release|Any CPU
		{361DA1C4-832B-4D74-A44A-38ADEFE0520F}.Release|Any CPU.Build.0 = Release|Any CPU
	EndGlobalSection
	GlobalSection(SolutionProperties) = preSolution
		HideSolutionNode = FALSE
	EndGlobalSection
	GlobalSection(ExtensibilityGlobals) = postSolution
		SolutionGuid = {77974113-7503-49FE-AE13-6D4C841F8C12}
	EndGlobalSection
EndGlobal
